{
  "object": {
    "pins": [
      {
        "package": "Alamofire",
        "repositoryURL": "https://github.com/Alamofire/Alamofire.git",
        "state": {
          "branch": null,
          "revision": "c1d14588e5558a3669fd03510d135d88c5109069",
          "version": "5.0.0-rc.2"
        }
      },
      {
        "package": "OAuthSwift",
        "repositoryURL": "https://github.com/BrianDoig/OAuthSwift.git",
        "state": {
          "branch": null,
          "revision": "3878c057c3125d8e502d7c6a8cfcb9db8897eade",
          "version": "2.1.0-pre_alpha.1"
        }
      }
    ]
  },
  "version": 1
}
